Microsoft Visual Studio Solution File, Format Version 12.00
# Visual Studio Version 17
VisualStudioVersion = 17.2.32314.265
MinimumVisualStudioVersion = 10.0.40219.1
Project("{2150E333-8FDC-42A3-9474-1A3956D46DE8}") = "Solution Items", "Solution Items", "{94FE90BF-FA05-46C6-A207-6E454A236659}"
	ProjectSection(SolutionItems) = preProject
		.gitignore = .gitignore
		.github\dependabot.yml = .github\dependabot.yml
		src\Directory.Build.props = src\Directory.Build.props
		LICENSE = LICENSE
		README.md = README.md
	EndProjectSection
EndProject
Project("{2150E333-8FDC-42A3-9474-1A3956D46DE8}") = "libs", "libs", "{928D4422-05CE-4AC2-89B0-31060889AE6A}"
	ProjectSection(SolutionItems) = preProject
		src\libs\Directory.Build.props = src\libs\Directory.Build.props
	EndProjectSection
EndProject
Project("{9A19103F-16F7-4668-BE54-9A1E7A4F7556}") = "Maui.Biometric", "src\libs\Maui.Biometric\Maui.Biometric.csproj", "{8E7AE677-AD62-4FFE-ACBF-0F1A947ACDDB}"
EndProject
Project("{2150E333-8FDC-42A3-9474-1A3956D46DE8}") = "sample", "sample", "{4746EB5B-E37C-40F0-8CA6-7D03185F5370}"
EndProject
Project("{2150E333-8FDC-42A3-9474-1A3956D46DE8}") = "workflows", "workflows", "{8DEF204E-ED5E-45A8-B021-47F6588890F4}"
	ProjectSection(SolutionItems) = preProject
		.github\workflows\dotnet.yml = .github\workflows\dotnet.yml
		.github\workflows\pr.yml = .github\workflows\pr.yml
	EndProjectSection
EndProject
Project("{9A19103F-16F7-4668-BE54-9A1E7A4F7556}") = "Maui.Biometric.SampleApp", "sample\Maui.Biometric.SampleApp.csproj", "{49D331B7-7DCE-4470-8EFA-4D140AAF003F}"
EndProject
Global
	GlobalSection(SolutionConfigurationPlatforms) = preSolution
		Debug|Any CPU = Debug|Any CPU
		Release|Any CPU = Release|Any CPU
	EndGlobalSection
	GlobalSection(ProjectConfigurationPlatforms) = postSolution
		{8E7AE677-AD62-4FFE-ACBF-0F1A947ACDDB}.Debug|Any CPU.ActiveCfg = Debug|Any CPU
		{8E7AE677-AD62-4FFE-ACBF-0F1A947ACDDB}.Debug|Any CPU.Build.0 = Debug|Any CPU
		{8E7AE677-AD62-4FFE-ACBF-0F1A947ACDDB}.Release|Any CPU.ActiveCfg = Release|Any CPU
		{8E7AE677-AD62-4FFE-ACBF-0F1A947ACDDB}.Release|Any CPU.Build.0 = Release|Any CPU
		{49D331B7-7DCE-4470-8EFA-4D140AAF003F}.Debug|Any CPU.ActiveCfg = Debug|Any CPU
		{49D331B7-7DCE-4470-8EFA-4D140AAF003F}.Debug|Any CPU.Build.0 = Debug|Any CPU
		{49D331B7-7DCE-4470-8EFA-4D140AAF003F}.Debug|Any CPU.Deploy.0 = Debug|Any CPU
		{49D331B7-7DCE-4470-8EFA-4D140AAF003F}.Release|Any CPU.ActiveCfg = Release|Any CPU
		{49D331B7-7DCE-4470-8EFA-4D140AAF003F}.Release|Any CPU.Build.0 = Release|Any CPU
	EndGlobalSection
	GlobalSection(SolutionProperties) = preSolution
		HideSolutionNode = FALSE
	EndGlobalSection
	GlobalSection(NestedProjects) = preSolution
		{8E7AE677-AD62-4FFE-ACBF-0F1A947ACDDB} = {928D4422-05CE-4AC2-89B0-31060889AE6A}
		{8DEF204E-ED5E-45A8-B021-47F6588890F4} = {94FE90BF-FA05-46C6-A207-6E454A236659}
		{49D331B7-7DCE-4470-8EFA-4D140AAF003F} = {4746EB5B-E37C-40F0-8CA6-7D03185F5370}
	EndGlobalSection
	GlobalSection(ExtensibilityGlobals) = postSolution
		SolutionGuid = {1493AEE4-9211-46E9-BFE6-8F629EAC5693}
	EndGlobalSection
EndGlobal
